
Microsoft Visual Studio Solution File, Format Version 12.00
# Visual Studio Version 16
VisualStudioVersion = 16.0.32510.428
MinimumVisualStudioVersion = 10.0.40219.1
Project("{FAE04EC0-301F-11D3-BF4B-00C04F79EFBC}") = "CentralDB", "CentralDB\CentralDB.csproj", "{C68DA372-12E6-4DAF-8DD1-5F1D7AA054A1}"
EndProject
Project("{FAE04EC0-301F-11D3-BF4B-00C04F79EFBC}") = "LocalDB", "LocalDB\LocalDB.csproj", "{568ABABE-614E-4C5E-8DA5-6C418D37576F}"
EndProject
Project("{FAE04EC0-301F-11D3-BF4B-00C04F79EFBC}") = "Client", "Client\Client.csproj", "{9C84403B-239A-43AE-BB42-22801F84D14F}"
EndProject
Global
	GlobalSection(SolutionConfigurationPlatforms) = preSolution
		Debug|Any CPU = Debug|Any CPU
		Release|Any CPU = Release|Any CPU
	EndGlobalSection
	GlobalSection(ProjectConfigurationPlatforms) = postSolution
		{C68DA372-12E6-4DAF-8DD1-5F1D7AA054A1}.Debug|Any CPU.ActiveCfg = Debug|Any CPU
		{C68DA372-12E6-4DAF-8DD1-5F1D7AA054A1}.Debug|Any CPU.Build.0 = Debug|Any CPU
		{C68DA372-12E6-4DAF-8DD1-5F1D7AA054A1}.Release|Any CPU.ActiveCfg = Release|Any CPU
		{C68DA372-12E6-4DAF-8DD1-5F1D7AA054A1}.Release|Any CPU.Build.0 = Release|Any CPU
		{568ABABE-614E-4C5E-8DA5-6C418D37576F}.Debug|Any CPU.ActiveCfg = Debug|Any CPU
		{568ABABE-614E-4C5E-8DA5-6C418D37576F}.Debug|Any CPU.Build.0 = Debug|Any CPU
		{568ABABE-614E-4C5E-8DA5-6C418D37576F}.Release|Any CPU.ActiveCfg = Release|Any CPU
		{568ABABE-614E-4C5E-8DA5-6C418D37576F}.Release|Any CPU.Build.0 = Release|Any CPU
		{9C84403B-239A-43AE-BB42-22801F84D14F}.Debug|Any CPU.ActiveCfg = Debug|Any CPU
		{9C84403B-239A-43AE-BB42-22801F84D14F}.Debug|Any CPU.Build.0 = Debug|Any CPU
		{9C84403B-239A-43AE-BB42-22801F84D14F}.Release|Any CPU.ActiveCfg = Release|Any CPU
		{9C84403B-239A-43AE-BB42-22801F84D14F}.Release|Any CPU.Build.0 = Release|Any CPU
	EndGlobalSection
	GlobalSection(SolutionProperties) = preSolution
		HideSolutionNode = FALSE
	EndGlobalSection
	GlobalSection(ExtensibilityGlobals) = postSolution
		SolutionGuid = {D02C0445-6698-4F9C-B50B-CF8F99C3C597}
	EndGlobalSection
EndGlobal
